
Microsoft Visual Studio Solution File, Format Version 12.00
Project("{FAE04EC0-301F-11D3-BF4B-00C04F79EFBC}") = "Pyrolite", "Pyrolite\Pyrolite.csproj", "{8E242709-E766-421C-9D38-134F80A1690D}"
EndProject
Project("{FAE04EC0-301F-11D3-BF4B-00C04F79EFBC}") = "EchoExample", "EchoExample\EchoExample.csproj", "{25712F63-473B-400E-9488-FCA4619B3B07}"
EndProject
Project("{FAE04EC0-301F-11D3-BF4B-00C04F79EFBC}") = "NamingExample", "NamingExample\NamingExample.csproj", "{948E3EFB-1A53-4E54-99CD-3A1C1D45A398}"
EndProject
Project("{FAE04EC0-301F-11D3-BF4B-00C04F79EFBC}") = "Tests", "Tests\Tests.csproj", "{59C33EFD-F2D7-4FC7-89FF-ACF808AE1109}"
EndProject
Project("{FAE04EC0-301F-11D3-BF4B-00C04F79EFBC}") = "Benchmarks", "Benchmarks\Benchmarks.csproj", "{9E88F4F5-A18E-4ACC-8864-90379CE095DF}"
EndProject
Global
	GlobalSection(SolutionConfigurationPlatforms) = preSolution
		Debug|Any CPU = Debug|Any CPU
		Release|Any CPU = Release|Any CPU
	EndGlobalSection
	GlobalSection(ProjectConfigurationPlatforms) = postSolution
		{8E242709-E766-421C-9D38-134F80A1690D}.Debug|Any CPU.ActiveCfg = Debug|Any CPU
		{8E242709-E766-421C-9D38-134F80A1690D}.Debug|Any CPU.Build.0 = Debug|Any CPU
		{8E242709-E766-421C-9D38-134F80A1690D}.Release|Any CPU.ActiveCfg = Release|Any CPU
		{8E242709-E766-421C-9D38-134F80A1690D}.Release|Any CPU.Build.0 = Release|Any CPU
		{25712F63-473B-400E-9488-FCA4619B3B07}.Debug|Any CPU.ActiveCfg = Debug|Any CPU
		{25712F63-473B-400E-9488-FCA4619B3B07}.Debug|Any CPU.Build.0 = Debug|Any CPU
		{25712F63-473B-400E-9488-FCA4619B3B07}.Release|Any CPU.ActiveCfg = Release|Any CPU
		{25712F63-473B-400E-9488-FCA4619B3B07}.Release|Any CPU.Build.0 = Release|Any CPU
		{948E3EFB-1A53-4E54-99CD-3A1C1D45A398}.Debug|Any CPU.ActiveCfg = Debug|Any CPU
		{948E3EFB-1A53-4E54-99CD-3A1C1D45A398}.Debug|Any CPU.Build.0 = Debug|Any CPU
		{948E3EFB-1A53-4E54-99CD-3A1C1D45A398}.Release|Any CPU.ActiveCfg = Release|Any CPU
		{948E3EFB-1A53-4E54-99CD-3A1C1D45A398}.Release|Any CPU.Build.0 = Release|Any CPU
		{59C33EFD-F2D7-4FC7-89FF-ACF808AE1109}.Debug|Any CPU.ActiveCfg = Debug|Any CPU
		{59C33EFD-F2D7-4FC7-89FF-ACF808AE1109}.Debug|Any CPU.Build.0 = Debug|Any CPU
		{59C33EFD-F2D7-4FC7-89FF-ACF808AE1109}.Release|Any CPU.ActiveCfg = Release|Any CPU
		{59C33EFD-F2D7-4FC7-89FF-ACF808AE1109}.Release|Any CPU.Build.0 = Release|Any CPU
		{9E88F4F5-A18E-4ACC-8864-90379CE095DF}.Debug|Any CPU.ActiveCfg = Debug|Any CPU
		{9E88F4F5-A18E-4ACC-8864-90379CE095DF}.Debug|Any CPU.Build.0 = Debug|Any CPU
		{9E88F4F5-A18E-4ACC-8864-90379CE095DF}.Release|Any CPU.ActiveCfg = Release|Any CPU
		{9E88F4F5-A18E-4ACC-8864-90379CE095DF}.Release|Any CPU.Build.0 = Release|Any CPU
	EndGlobalSection
EndGlobal
